
Microsoft Visual Studio Solution File, Format Version 12.00
# Visual Studio 15
VisualStudioVersion = 15.0.26430.14
MinimumVisualStudioVersion = 10.0.40219.1
Project("{FAE04EC0-301F-11D3-BF4B-00C04F79EFBC}") = "CheeseReviewer.Android", "CheeseReviewer\CheeseReviewer.Android\CheeseReviewer.Android.csproj", "{04D04ABC-E20F-47DA-9B79-A6692FD5FC06}"
EndProject
Project("{FAE04EC0-301F-11D3-BF4B-00C04F79EFBC}") = "CheeseReviewer", "CheeseReviewer\CheeseReviewer\CheeseReviewer.csproj", "{E126A635-A4F8-4C36-9376-E619DEB4DCB1}"
EndProject
Project("{FAE04EC0-301F-11D3-BF4B-00C04F79EFBC}") = "CheeseReviewer.UWP", "CheeseReviewer\CheeseReviewer.UWP\CheeseReviewer.UWP.csproj", "{E6C1F481-04B7-4997-B5B9-EFD3C3BF58DD}"
EndProject
Project("{FAE04EC0-301F-11D3-BF4B-00C04F79EFBC}") = "CheeseReviewer.iOS", "CheeseReviewer\CheeseReviewer.iOS\CheeseReviewer.iOS.csproj", "{D82894DB-B7EA-4DCE-AA71-085B8B50CC40}"
EndProject
Global
	GlobalSection(SolutionConfigurationPlatforms) = preSolution
		Ad-Hoc|Any CPU = Ad-Hoc|Any CPU
		Ad-Hoc|ARM = Ad-Hoc|ARM
		Ad-Hoc|iPhone = Ad-Hoc|iPhone
		Ad-Hoc|iPhoneSimulator = Ad-Hoc|iPhoneSimulator
		Ad-Hoc|x64 = Ad-Hoc|x64
		Ad-Hoc|x86 = Ad-Hoc|x86
		AppStore|Any CPU = AppStore|Any CPU
		AppStore|ARM = AppStore|ARM
		AppStore|iPhone = AppStore|iPhone
		AppStore|iPhoneSimulator = AppStore|iPhoneSimulator
		AppStore|x64 = AppStore|x64
		AppStore|x86 = AppStore|x86
		Debug|Any CPU = Debug|Any CPU
		Debug|ARM = Debug|ARM
		Debug|iPhone = Debug|iPhone
		Debug|iPhoneSimulator = Debug|iPhoneSimulator
		Debug|x64 = Debug|x64
		Debug|x86 = Debug|x86
		Release|Any CPU = Release|Any CPU
		Release|ARM = Release|ARM
		Release|iPhone = Release|iPhone
		Release|iPhoneSimulator = Release|iPhoneSimulator
		Release|x64 = Release|x64
		Release|x86 = Release|x86
	EndGlobalSection
	GlobalSection(ProjectConfigurationPlatforms) = postSolution
		{04D04ABC-E20F-47DA-9B79-A6692FD5FC06}.Ad-Hoc|Any CPU.ActiveCfg = Release|Any CPU
		{04D04ABC-E20F-47DA-9B79-A6692FD5FC06}.Ad-Hoc|Any CPU.Build.0 = Release|Any CPU
		{04D04ABC-E20F-47DA-9B79-A6692FD5FC06}.Ad-Hoc|Any CPU.Deploy.0 = Release|Any CPU
		{04D04ABC-E20F-47DA-9B79-A6692FD5FC06}.Ad-Hoc|ARM.ActiveCfg = Release|Any CPU
		{04D04ABC-E20F-47DA-9B79-A6692FD5FC06}.Ad-Hoc|ARM.Build.0 = Release|Any CPU
		{04D04ABC-E20F-47DA-9B79-A6692FD5FC06}.Ad-Hoc|ARM.Deploy.0 = Release|Any CPU
		{04D04ABC-E20F-47DA-9B79-A6692FD5FC06}.Ad-Hoc|iPhone.ActiveCfg = Release|Any CPU
		{04D04ABC-E20F-47DA-9B79-A6692FD5FC06}.Ad-Hoc|iPhone.Build.0 = Release|Any CPU
		{04D04ABC-E20F-47DA-9B79-A6692FD5FC06}.Ad-Hoc|iPhone.Deploy.0 = Release|Any CPU
		{04D04ABC-E20F-47DA-9B79-A6692FD5FC06}.Ad-Hoc|iPhoneSimulator.ActiveCfg = Release|Any CPU
		{04D04ABC-E20F-47DA-9B79-A6692FD5FC06}.Ad-Hoc|iPhoneSimulator.Build.0 = Release|Any CPU
		{04D04ABC-E20F-47DA-9B79-A6692FD5FC06}.Ad-Hoc|iPhoneSimulator.Deploy.0 = Release|Any CPU
		{04D04ABC-E20F-47DA-9B79-A6692FD5FC06}.Ad-Hoc|x64.ActiveCfg = Release|Any CPU
		{04D04ABC-E20F-47DA-9B79-A6692FD5FC06}.Ad-Hoc|x64.Build.0 = Release|Any CPU
		{04D04ABC-E20F-47DA-9B79-A6692FD5FC06}.Ad-Hoc|x64.Deploy.0 = Release|Any CPU
		{04D04ABC-E20F-47DA-9B79-A6692FD5FC06}.Ad-Hoc|x86.ActiveCfg = Release|Any CPU
		{04D04ABC-E20F-47DA-9B79-A6692FD5FC06}.Ad-Hoc|x86.Build.0 = Release|Any CPU
		{04D04ABC-E20F-47DA-9B79-A6692FD5FC06}.Ad-Hoc|x86.Deploy.0 = Release|Any CPU
		{04D04ABC-E20F-47DA-9B79-A6692FD5FC06}.AppStore|Any CPU.ActiveCfg = Release|Any CPU
		{04D04ABC-E20F-47DA-9B79-A6692FD5FC06}.AppStore|Any CPU.Build.0 = Release|Any CPU
		{04D04ABC-E20F-47DA-9B79-A6692FD5FC06}.AppStore|Any CPU.Deploy.0 = Release|Any CPU
		{04D04ABC-E20F-47DA-9B79-A6692FD5FC06}.AppStore|ARM.ActiveCfg = Release|Any CPU
		{04D04ABC-E20F-47DA-9B79-A6692FD5FC06}.AppStore|ARM.Build.0 = Release|Any CPU
		{04D04ABC-E20F-47DA-9B79-A6692FD5FC06}.AppStore|ARM.Deploy.0 = Release|Any CPU
		{04D04ABC-E20F-47DA-9B79-A6692FD5FC06}.AppStore|iPhone.ActiveCfg = Release|Any CPU
		{04D04ABC-E20F-47DA-9B79-A6692FD5FC06}.AppStore|iPhone.Build.0 = Release|Any CPU
		{04D04ABC-E20F-47DA-9B79-A6692FD5FC06}.AppStore|iPhone.Deploy.0 = Release|Any CPU
		{04D04ABC-E20F-47DA-9B79-A6692FD5FC06}.AppStore|iPhoneSimulator.ActiveCfg = Release|Any CPU
		{04D04ABC-E20F-47DA-9B79-A6692FD5FC06}.AppStore|iPhoneSimulator.Build.0 = Release|Any CPU
		{04D04ABC-E20F-47DA-9B79-A6692FD5FC06}.AppStore|iPhoneSimulator.Deploy.0 = Release|Any CPU
		{04D04ABC-E20F-47DA-9B79-A6692FD5FC06}.AppStore|x64.ActiveCfg = Release|Any CPU
		{04D04ABC-E20F-47DA-9B79-A6692FD5FC06}.AppStore|x64.Build.0 = Release|Any CPU
		{04D04ABC-E20F-47DA-9B79-A6692FD5FC06}.AppStore|x64.Deploy.0 = Release|Any CPU
		{04D04ABC-E20F-47DA-9B79-A6692FD5FC06}.AppStore|x86.ActiveCfg = Release|Any CPU
		{04D04ABC-E20F-47DA-9B79-A6692FD5FC06}.AppStore|x86.Build.0 = Release|Any CPU
		{04D04ABC-E20F-47DA-9B79-A6692FD5FC06}.AppStore|x86.Deploy.0 = Release|Any CPU
		{04D04ABC-E20F-47DA-9B79-A6692FD5FC06}.Debug|Any CPU.ActiveCfg = Debug|Any CPU
		{04D04ABC-E20F-47DA-9B79-A6692FD5FC06}.Debug|Any CPU.Build.0 = Debug|Any CPU
		{04D04ABC-E20F-47DA-9B79-A6692FD5FC06}.Debug|Any CPU.Deploy.0 = Debug|Any CPU
		{04D04ABC-E20F-47DA-9B79-A6692FD5FC06}.Debug|ARM.ActiveCfg = Debug|Any CPU
		{04D04ABC-E20F-47DA-9B79-A6692FD5FC06}.Debug|ARM.Build.0 = Debug|Any CPU
		{04D04ABC-E20F-47DA-9B79-A6692FD5FC06}.Debug|ARM.Deploy.0 = Debug|Any CPU
		{04D04ABC-E20F-47DA-9B79-A6692FD5FC06}.Debug|iPhone.ActiveCfg = Debug|Any CPU
		{04D04ABC-E20F-47DA-9B79-A6692FD5FC06}.Debug|iPhone.Build.0 = Debug|Any CPU
		{04D04ABC-E20F-47DA-9B79-A6692FD5FC06}.Debug|iPhone.Deploy.0 = Debug|Any CPU
		{04D04ABC-E20F-47DA-9B79-A6692FD5FC06}.Debug|iPhoneSimulator.ActiveCfg = Debug|Any CPU
		{04D04ABC-E20F-47DA-9B79-A6692FD5FC06}.Debug|iPhoneSimulator.Build.0 = Debug|Any CPU
		{04D04ABC-E20F-47DA-9B79-A6692FD5FC06}.Debug|iPhoneSimulator.Deploy.0 = Debug|Any CPU
		{04D04ABC-E20F-47DA-9B79-A6692FD5FC06}.Debug|x64.ActiveCfg = Debug|Any CPU
		{04D04ABC-E20F-47DA-9B79-A6692FD5FC06}.Debug|x64.Build.0 = Debug|Any CPU
		{04D04ABC-E20F-47DA-9B79-A6692FD5FC06}.Debug|x64.Deploy.0 = Debug|Any CPU
		{04D04ABC-E20F-47DA-9B79-A6692FD5FC06}.Debug|x86.ActiveCfg = Debug|Any CPU
		{04D04ABC-E20F-47DA-9B79-A6692FD5FC06}.Debug|x86.Build.0 = Debug|Any CPU
		{04D04ABC-E20F-47DA-9B79-A6692FD5FC06}.Debug|x86.Deploy.0 = Debug|Any CPU
		{04D04ABC-E20F-47DA-9B79-A6692FD5FC06}.Release|Any CPU.ActiveCfg = Release|Any CPU
		{04D04ABC-E20F-47DA-9B79-A6692FD5FC06}.Release|Any CPU.Build.0 = Release|Any CPU
		{04D04ABC-E20F-47DA-9B79-A6692FD5FC06}.Release|Any CPU.Deploy.0 = Release|Any CPU
		{04D04ABC-E20F-47DA-9B79-A6692FD5FC06}.Release|ARM.ActiveCfg = Release|Any CPU
		{04D04ABC-E20F-47DA-9B79-A6692FD5FC06}.Release|ARM.Build.0 = Release|Any CPU
		{04D04ABC-E20F-47DA-9B79-A6692FD5FC06}.Release|ARM.Deploy.0 = Release|Any CPU
		{04D04ABC-E20F-47DA-9B79-A6692FD5FC06}.Release|iPhone.ActiveCfg = Release|Any CPU
		{04D04ABC-E20F-47DA-9B79-A6692FD5FC06}.Release|iPhone.Build.0 = Release|Any CPU
		{04D04ABC-E20F-47DA-9B79-A6692FD5FC06}.Release|iPhone.Deploy.0 = Release|Any CPU
		{04D04ABC-E20F-47DA-9B79-A6692FD5FC06}.Release|iPhoneSimulator.ActiveCfg = Release|Any CPU
		{04D04ABC-E20F-47DA-9B79-A6692FD5FC06}.Release|iPhoneSimulator.Build.0 = Release|Any CPU
		{04D04ABC-E20F-47DA-9B79-A6692FD5FC06}.Release|iPhoneSimulator.Deploy.0 = Release|Any CPU
		{04D04ABC-E20F-47DA-9B79-A6692FD5FC06}.Release|x64.ActiveCfg = Release|Any CPU
		{04D04ABC-E20F-47DA-9B79-A6692FD5FC06}.Release|x64.Build.0 = Release|Any CPU
		{04D04ABC-E20F-47DA-9B79-A6692FD5FC06}.Release|x64.Deploy.0 = Release|Any CPU
		{04D04ABC-E20F-47DA-9B79-A6692FD5FC06}.Release|x86.ActiveCfg = Release|Any CPU
		{04D04ABC-E20F-47DA-9B79-A6692FD5FC06}.Release|x86.Build.0 = Release|Any CPU
		{04D04ABC-E20F-47DA-9B79-A6692FD5FC06}.Release|x86.Deploy.0 = Release|Any CPU
		{E126A635-A4F8-4C36-9376-E619DEB4DCB1}.Ad-Hoc|Any CPU.ActiveCfg = Release|Any CPU
		{E126A635-A4F8-4C36-9376-E619DEB4DCB1}.Ad-Hoc|Any CPU.Build.0 = Release|Any CPU
		{E126A635-A4F8-4C36-9376-E619DEB4DCB1}.Ad-Hoc|ARM.ActiveCfg = Release|Any CPU
		{E126A635-A4F8-4C36-9376-E619DEB4DCB1}.Ad-Hoc|ARM.Build.0 = Release|Any CPU
		{E126A635-A4F8-4C36-9376-E619DEB4DCB1}.Ad-Hoc|iPhone.ActiveCfg = Release|Any CPU
		{E126A635-A4F8-4C36-9376-E619DEB4DCB1}.Ad-Hoc|iPhone.Build.0 = Release|Any CPU
		{E126A635-A4F8-4C36-9376-E619DEB4DCB1}.Ad-Hoc|iPhoneSimulator.ActiveCfg = Release|Any CPU
		{E126A635-A4F8-4C36-9376-E619DEB4DCB1}.Ad-Hoc|iPhoneSimulator.Build.0 = Release|Any CPU
		{E126A635-A4F8-4C36-9376-E619DEB4DCB1}.Ad-Hoc|x64.ActiveCfg = Release|Any CPU
		{E126A635-A4F8-4C36-9376-E619DEB4DCB1}.Ad-Hoc|x64.Build.0 = Release|Any CPU
		{E126A635-A4F8-4C36-9376-E619DEB4DCB1}.Ad-Hoc|x86.ActiveCfg = Release|Any CPU
		{E126A635-A4F8-4C36-9376-E619DEB4DCB1}.Ad-Hoc|x86.Build.0 = Release|Any CPU
		{E126A635-A4F8-4C36-9376-E619DEB4DCB1}.AppStore|Any CPU.ActiveCfg = Release|Any CPU
		{E126A635-A4F8-4C36-9376-E619DEB4DCB1}.AppStore|Any CPU.Build.0 = Release|Any CPU
		{E126A635-A4F8-4C36-9376-E619DEB4DCB1}.AppStore|ARM.ActiveCfg = Release|Any CPU
		{E126A635-A4F8-4C36-9376-E619DEB4DCB1}.AppStore|ARM.Build.0 = Release|Any CPU
		{E126A635-A4F8-4C36-9376-E619DEB4DCB1}.AppStore|iPhone.ActiveCfg = Release|Any CPU
		{E126A635-A4F8-4C36-9376-E619DEB4DCB1}.AppStore|iPhone.Build.0 = Release|Any CPU
		{E126A635-A4F8-4C36-9376-E619DEB4DCB1}.AppStore|iPhoneSimulator.ActiveCfg = Release|Any CPU
		{E126A635-A4F8-4C36-9376-E619DEB4DCB1}.AppStore|iPhoneSimulator.Build.0 = Release|Any CPU
		{E126A635-A4F8-4C36-9376-E619DEB4DCB1}.AppStore|x64.ActiveCfg = Release|Any CPU
		{E126A635-A4F8-4C36-9376-E619DEB4DCB1}.AppStore|x64.Build.0 = Release|Any CPU
		{E126A635-A4F8-4C36-9376-E619DEB4DCB1}.AppStore|x86.ActiveCfg = Release|Any CPU
		{E126A635-A4F8-4C36-9376-E619DEB4DCB1}.AppStore|x86.Build.0 = Release|Any CPU
		{E126A635-A4F8-4C36-9376-E619DEB4DCB1}.Debug|Any CPU.ActiveCfg = Debug|Any CPU
		{E126A635-A4F8-4C36-9376-E619DEB4DCB1}.Debug|Any CPU.Build.0 = Debug|Any CPU
		{E126A635-A4F8-4C36-9376-E619DEB4DCB1}.Debug|ARM.ActiveCfg = Debug|Any CPU
		{E126A635-A4F8-4C36-9376-E619DEB4DCB1}.Debug|ARM.Build.0 = Debug|Any CPU
		{E126A635-A4F8-4C36-9376-E619DEB4DCB1}.Debug|iPhone.ActiveCfg = Debug|Any CPU
		{E126A635-A4F8-4C36-9376-E619DEB4DCB1}.Debug|iPhone.Build.0 = Debug|Any CPU
		{E126A635-A4F8-4C36-9376-E619DEB4DCB1}.Debug|iPhoneSimulator.ActiveCfg = Debug|Any CPU
		{E126A635-A4F8-4C36-9376-E619DEB4DCB1}.Debug|iPhoneSimulator.Build.0 = Debug|Any CPU
		{E126A635-A4F8-4C36-9376-E619DEB4DCB1}.Debug|x64.ActiveCfg = Debug|Any CPU
		{E126A635-A4F8-4C36-9376-E619DEB4DCB1}.Debug|x64.Build.0 = Debug|Any CPU
		{E126A635-A4F8-4C36-9376-E619DEB4DCB1}.Debug|x86.ActiveCfg = Debug|Any CPU
		{E126A635-A4F8-4C36-9376-E619DEB4DCB1}.Debug|x86.Build.0 = Debug|Any CPU
		{E126A635-A4F8-4C36-9376-E619DEB4DCB1}.Release|Any CPU.ActiveCfg = Release|Any CPU
		{E126A635-A4F8-4C36-9376-E619DEB4DCB1}.Release|Any CPU.Build.0 = Release|Any CPU
		{E126A635-A4F8-4C36-9376-E619DEB4DCB1}.Release|ARM.ActiveCfg = Release|Any CPU
		{E126A635-A4F8-4C36-9376-E619DEB4DCB1}.Release|ARM.Build.0 = Release|Any CPU
		{E126A635-A4F8-4C36-9376-E619DEB4DCB1}.Release|iPhone.ActiveCfg = Release|Any CPU
		{E126A635-A4F8-4C36-9376-E619DEB4DCB1}.Release|iPhone.Build.0 = Release|Any CPU
		{E126A635-A4F8-4C36-9376-E619DEB4DCB1}.Release|iPhoneSimulator.ActiveCfg = Release|Any CPU
		{E126A635-A4F8-4C36-9376-E619DEB4DCB1}.Release|iPhoneSimulator.Build.0 = Release|Any CPU
		{E126A635-A4F8-4C36-9376-E619DEB4DCB1}.Release|x64.ActiveCfg = Release|Any CPU
		{E126A635-A4F8-4C36-9376-E619DEB4DCB1}.Release|x64.Build.0 = Release|Any CPU
		{E126A635-A4F8-4C36-9376-E619DEB4DCB1}.Release|x86.ActiveCfg = Release|Any CPU
		{E126A635-A4F8-4C36-9376-E619DEB4DCB1}.Release|x86.Build.0 = Release|Any CPU
		{E6C1F481-04B7-4997-B5B9-EFD3C3BF58DD}.Ad-Hoc|Any CPU.ActiveCfg = Release|x86
		{E6C1F481-04B7-4997-B5B9-EFD3C3BF58DD}.Ad-Hoc|Any CPU.Build.0 = Release|x86
		{E6C1F481-04B7-4997-B5B9-EFD3C3BF58DD}.Ad-Hoc|Any CPU.Deploy.0 = Release|x86
		{E6C1F481-04B7-4997-B5B9-EFD3C3BF58DD}.Ad-Hoc|ARM.ActiveCfg = Release|ARM
		{E6C1F481-04B7-4997-B5B9-EFD3C3BF58DD}.Ad-Hoc|ARM.Build.0 = Release|ARM
		{E6C1F481-04B7-4997-B5B9-EFD3C3BF58DD}.Ad-Hoc|ARM.Deploy.0 = Release|ARM
		{E6C1F481-04B7-4997-B5B9-EFD3C3BF58DD}.Ad-Hoc|iPhone.ActiveCfg = Release|x86
		{E6C1F481-04B7-4997-B5B9-EFD3C3BF58DD}.Ad-Hoc|iPhone.Build.0 = Release|x86
		{E6C1F481-04B7-4997-B5B9-EFD3C3BF58DD}.Ad-Hoc|iPhone.Deploy.0 = Release|x86
		{E6C1F481-04B7-4997-B5B9-EFD3C3BF58DD}.Ad-Hoc|iPhoneSimulator.ActiveCfg = Release|x86
		{E6C1F481-04B7-4997-B5B9-EFD3C3BF58DD}.Ad-Hoc|iPhoneSimulator.Build.0 = Release|x86
		{E6C1F481-04B7-4997-B5B9-EFD3C3BF58DD}.Ad-Hoc|iPhoneSimulator.Deploy.0 = Release|x86
		{E6C1F481-04B7-4997-B5B9-EFD3C3BF58DD}.Ad-Hoc|x64.ActiveCfg = Release|x64
		{E6C1F481-04B7-4997-B5B9-EFD3C3BF58DD}.Ad-Hoc|x64.Build.0 = Release|x64
		{E6C1F481-04B7-4997-B5B9-EFD3C3BF58DD}.Ad-Hoc|x64.Deploy.0 = Release|x64
		{E6C1F481-04B7-4997-B5B9-EFD3C3BF58DD}.Ad-Hoc|x86.ActiveCfg = Release|x86
		{E6C1F481-04B7-4997-B5B9-EFD3C3BF58DD}.Ad-Hoc|x86.Build.0 = Release|x86
		{E6C1F481-04B7-4997-B5B9-EFD3C3BF58DD}.Ad-Hoc|x86.Deploy.0 = Release|x86
		{E6C1F481-04B7-4997-B5B9-EFD3C3BF58DD}.AppStore|Any CPU.ActiveCfg = Release|x86
		{E6C1F481-04B7-4997-B5B9-EFD3C3BF58DD}.AppStore|Any CPU.Build.0 = Release|x86
		{E6C1F481-04B7-4997-B5B9-EFD3C3BF58DD}.AppStore|Any CPU.Deploy.0 = Release|x86
		{E6C1F481-04B7-4997-B5B9-EFD3C3BF58DD}.AppStore|ARM.ActiveCfg = Release|ARM
		{E6C1F481-04B7-4997-B5B9-EFD3C3BF58DD}.AppStore|ARM.Build.0 = Release|ARM
		{E6C1F481-04B7-4997-B5B9-EFD3C3BF58DD}.AppStore|ARM.Deploy.0 = Release|ARM
		{E6C1F481-04B7-4997-B5B9-EFD3C3BF58DD}.AppStore|iPhone.ActiveCfg = Release|x86
		{E6C1F481-04B7-4997-B5B9-EFD3C3BF58DD}.AppStore|iPhone.Build.0 = Release|x86
		{E6C1F481-04B7-4997-B5B9-EFD3C3BF58DD}.AppStore|iPhone.Deploy.0 = Release|x86
		{E6C1F481-04B7-4997-B5B9-EFD3C3BF58DD}.AppStore|iPhoneSimulator.ActiveCfg = Release|x86
		{E6C1F481-04B7-4997-B5B9-EFD3C3BF58DD}.AppStore|iPhoneSimulator.Build.0 = Release|x86
		{E6C1F481-04B7-4997-B5B9-EFD3C3BF58DD}.AppStore|iPhoneSimulator.Deploy.0 = Release|x86
		{E6C1F481-04B7-4997-B5B9-EFD3C3BF58DD}.AppStore|x64.ActiveCfg = Release|x64
		{E6C1F481-04B7-4997-B5B9-EFD3C3BF58DD}.AppStore|x64.Build.0 = Release|x64
		{E6C1F481-04B7-4997-B5B9-EFD3C3BF58DD}.AppStore|x64.Deploy.0 = Release|x64
		{E6C1F481-04B7-4997-B5B9-EFD3C3BF58DD}.AppStore|x86.ActiveCfg = Release|x86
		{E6C1F481-04B7-4997-B5B9-EFD3C3BF58DD}.AppStore|x86.Build.0 = Release|x86
		{E6C1F481-04B7-4997-B5B9-EFD3C3BF58DD}.AppStore|x86.Deploy.0 = Release|x86
		{E6C1F481-04B7-4997-B5B9-EFD3C3BF58DD}.Debug|Any CPU.ActiveCfg = Debug|x86
		{E6C1F481-04B7-4997-B5B9-EFD3C3BF58DD}.Debug|ARM.ActiveCfg = Debug|ARM
		{E6C1F481-04B7-4997-B5B9-EFD3C3BF58DD}.Debug|ARM.Build.0 = Debug|ARM
		{E6C1F481-04B7-4997-B5B9-EFD3C3BF58DD}.Debug|ARM.Deploy.0 = Debug|ARM
		{E6C1F481-04B7-4997-B5B9-EFD3C3BF58DD}.Debug|iPhone.ActiveCfg = Debug|x86
		{E6C1F481-04B7-4997-B5B9-EFD3C3BF58DD}.Debug|iPhoneSimulator.ActiveCfg = Debug|x86
		{E6C1F481-04B7-4997-B5B9-EFD3C3BF58DD}.Debug|x64.ActiveCfg = Debug|x64
		{E6C1F481-04B7-4997-B5B9-EFD3C3BF58DD}.Debug|x64.Build.0 = Debug|x64
		{E6C1F481-04B7-4997-B5B9-EFD3C3BF58DD}.Debug|x64.Deploy.0 = Debug|x64
		{E6C1F481-04B7-4997-B5B9-EFD3C3BF58DD}.Debug|x86.ActiveCfg = Debug|x86
		{E6C1F481-04B7-4997-B5B9-EFD3C3BF58DD}.Debug|x86.Build.0 = Debug|x86
		{E6C1F481-04B7-4997-B5B9-EFD3C3BF58DD}.Debug|x86.Deploy.0 = Debug|x86
		{E6C1F481-04B7-4997-B5B9-EFD3C3BF58DD}.Release|Any CPU.ActiveCfg = Release|x86
		{E6C1F481-04B7-4997-B5B9-EFD3C3BF58DD}.Release|ARM.ActiveCfg = Release|ARM
		{E6C1F481-04B7-4997-B5B9-EFD3C3BF58DD}.Release|ARM.Build.0 = Release|ARM
		{E6C1F481-04B7-4997-B5B9-EFD3C3BF58DD}.Release|ARM.Deploy.0 = Release|ARM
		{E6C1F481-04B7-4997-B5B9-EFD3C3BF58DD}.Release|iPhone.ActiveCfg = Release|x86
		{E6C1F481-04B7-4997-B5B9-EFD3C3BF58DD}.Release|iPhoneSimulator.ActiveCfg = Release|x86
		{E6C1F481-04B7-4997-B5B9-EFD3C3BF58DD}.Release|x64.ActiveCfg = Release|x64
		{E6C1F481-04B7-4997-B5B9-EFD3C3BF58DD}.Release|x64.Build.0 = Release|x64
		{E6C1F481-04B7-4997-B5B9-EFD3C3BF58DD}.Release|x64.Deploy.0 = Release|x64
		{E6C1F481-04B7-4997-B5B9-EFD3C3BF58DD}.Release|x86.ActiveCfg = Release|x86
		{E6C1F481-04B7-4997-B5B9-EFD3C3BF58DD}.Release|x86.Build.0 = Release|x86
		{E6C1F481-04B7-4997-B5B9-EFD3C3BF58DD}.Release|x86.Deploy.0 = Release|x86
		{D82894DB-B7EA-4DCE-AA71-085B8B50CC40}.Ad-Hoc|Any CPU.ActiveCfg = Ad-Hoc|iPhone
		{D82894DB-B7EA-4DCE-AA71-085B8B50CC40}.Ad-Hoc|ARM.ActiveCfg = Ad-Hoc|iPhone
		{D82894DB-B7EA-4DCE-AA71-085B8B50CC40}.Ad-Hoc|iPhone.ActiveCfg = Ad-Hoc|iPhone
		{D82894DB-B7EA-4DCE-AA71-085B8B50CC40}.Ad-Hoc|iPhone.Build.0 = Ad-Hoc|iPhone
		{D82894DB-B7EA-4DCE-AA71-085B8B50CC40}.Ad-Hoc|iPhoneSimulator.ActiveCfg = Ad-Hoc|iPhoneSimulator
		{D82894DB-B7EA-4DCE-AA71-085B8B50CC40}.Ad-Hoc|iPhoneSimulator.Build.0 = Ad-Hoc|iPhoneSimulator
		{D82894DB-B7EA-4DCE-AA71-085B8B50CC40}.Ad-Hoc|x64.ActiveCfg = Ad-Hoc|iPhone
		{D82894DB-B7EA-4DCE-AA71-085B8B50CC40}.Ad-Hoc|x86.ActiveCfg = Ad-Hoc|iPhone
		{D82894DB-B7EA-4DCE-AA71-085B8B50CC40}.AppStore|Any CPU.ActiveCfg = AppStore|iPhone
		{D82894DB-B7EA-4DCE-AA71-085B8B50CC40}.AppStore|ARM.ActiveCfg = AppStore|iPhone
		{D82894DB-B7EA-4DCE-AA71-085B8B50CC40}.AppStore|iPhone.ActiveCfg = AppStore|iPhone
		{D82894DB-B7EA-4DCE-AA71-085B8B50CC40}.AppStore|iPhone.Build.0 = AppStore|iPhone
		{D82894DB-B7EA-4DCE-AA71-085B8B50CC40}.AppStore|iPhoneSimulator.ActiveCfg = AppStore|iPhoneSimulator
		{D82894DB-B7EA-4DCE-AA71-085B8B50CC40}.AppStore|iPhoneSimulator.Build.0 = AppStore|iPhoneSimulator
		{D82894DB-B7EA-4DCE-AA71-085B8B50CC40}.AppStore|x64.ActiveCfg = AppStore|iPhone
		{D82894DB-B7EA-4DCE-AA71-085B8B50CC40}.AppStore|x86.ActiveCfg = AppStore|iPhone
		{D82894DB-B7EA-4DCE-AA71-085B8B50CC40}.Debug|Any CPU.ActiveCfg = Debug|iPhone
		{D82894DB-B7EA-4DCE-AA71-085B8B50CC40}.Debug|ARM.ActiveCfg = Debug|iPhone
		{D82894DB-B7EA-4DCE-AA71-085B8B50CC40}.Debug|iPhone.ActiveCfg = Debug|iPhone
		{D82894DB-B7EA-4DCE-AA71-085B8B50CC40}.Debug|iPhone.Build.0 = Debug|iPhone
		{D82894DB-B7EA-4DCE-AA71-085B8B50CC40}.Debug|iPhoneSimulator.ActiveCfg = Debug|iPhoneSimulator
		{D82894DB-B7EA-4DCE-AA71-085B8B50CC40}.Debug|iPhoneSimulator.Build.0 = Debug|iPhoneSimulator
		{D82894DB-B7EA-4DCE-AA71-085B8B50CC40}.Debug|x64.ActiveCfg = Debug|iPhone
		{D82894DB-B7EA-4DCE-AA71-085B8B50CC40}.Debug|x86.ActiveCfg = Debug|iPhone
		{D82894DB-B7EA-4DCE-AA71-085B8B50CC40}.Release|Any CPU.ActiveCfg = Release|iPhone
		{D82894DB-B7EA-4DCE-AA71-085B8B50CC40}.Release|ARM.ActiveCfg = Release|iPhone
		{D82894DB-B7EA-4DCE-AA71-085B8B50CC40}.Release|iPhone.ActiveCfg = Release|iPhone
		{D82894DB-B7EA-4DCE-AA71-085B8B50CC40}.Release|iPhone.Build.0 = Release|iPhone
		{D82894DB-B7EA-4DCE-AA71-085B8B50CC40}.Release|iPhoneSimulator.ActiveCfg = Release|iPhoneSimulator
		{D82894DB-B7EA-4DCE-AA71-085B8B50CC40}.Release|iPhoneSimulator.Build.0 = Release|iPhoneSimulator
		{D82894DB-B7EA-4DCE-AA71-085B8B50CC40}.Release|x64.ActiveCfg = Release|iPhone
		{D82894DB-B7EA-4DCE-AA71-085B8B50CC40}.Release|x86.ActiveCfg = Release|iPhone
	EndGlobalSection
	GlobalSection(SolutionProperties) = preSolution
		HideSolutionNode = FALSE
	EndGlobalSection
EndGlobal
